
Microsoft Visual Studio Solution File, Format Version 12.00
# Visual Studio Version 17
VisualStudioVersion = 17.1.32328.378
MinimumVisualStudioVersion = 10.0.40219.1
Project("{FAE04EC0-301F-11D3-BF4B-00C04F79EFBC}") = "ConcurrentCollection", "ConcurrentCollection\ConcurrentCollection.csproj", "{D34E4D73-731B-41A8-B963-26EC8D597791}"
EndProject
Project("{FAE04EC0-301F-11D3-BF4B-00C04F79EFBC}") = "ConcurrentCollectionTests", "ConcurrentCollectionTests\ConcurrentCollectionTests.csproj", "{979BC5D0-9AD5-4AC0-ABDF-A308DB04C3DE}"
EndProject
Global
	GlobalSection(SolutionConfigurationPlatforms) = preSolution
		Debug|Any CPU = Debug|Any CPU
		Release|Any CPU = Release|Any CPU
	EndGlobalSection
	GlobalSection(ProjectConfigurationPlatforms) = postSolution
		{D34E4D73-731B-41A8-B963-26EC8D597791}.Debug|Any CPU.ActiveCfg = Debug|Any CPU
		{D34E4D73-731B-41A8-B963-26EC8D597791}.Debug|Any CPU.Build.0 = Debug|Any CPU
		{D34E4D73-731B-41A8-B963-26EC8D597791}.Release|Any CPU.ActiveCfg = Release|Any CPU
		{D34E4D73-731B-41A8-B963-26EC8D597791}.Release|Any CPU.Build.0 = Release|Any CPU
		{979BC5D0-9AD5-4AC0-ABDF-A308DB04C3DE}.Debug|Any CPU.ActiveCfg = Debug|Any CPU
		{979BC5D0-9AD5-4AC0-ABDF-A308DB04C3DE}.Debug|Any CPU.Build.0 = Debug|Any CPU
		{979BC5D0-9AD5-4AC0-ABDF-A308DB04C3DE}.Release|Any CPU.ActiveCfg = Release|Any CPU
		{979BC5D0-9AD5-4AC0-ABDF-A308DB04C3DE}.Release|Any CPU.Build.0 = Release|Any CPU
	EndGlobalSection
	GlobalSection(SolutionProperties) = preSolution
		HideSolutionNode = FALSE
	EndGlobalSection
	GlobalSection(ExtensibilityGlobals) = postSolution
		SolutionGuid = {3F61E336-F0BF-48AA-AFA8-673D3F05B24C}
	EndGlobalSection
EndGlobal
